{
  "requires": true,
  "lockfileVersion": 1,
  "dependencies": {
    "abab": {
      "version": "2.0.5",
      "resolved": "https://registry.npmjs.org/abab/-/abab-2.0.5.tgz",
      "integrity": "sha512-9IK9EadsbHo6jLWIpxpR6pL0sazTXV6+SQv25ZB+F7Bj9mJNaOc4nCRabwd5M/JwmUa8idz6Eci6eKfJryPs6Q=="
    }
  }
}
